
Microsoft Visual Studio Solution File, Format Version 10.00
# Visual C++ Express 2008
Project("{8BC9CEB8-8B4A-11D0-8D11-00A0C91BC942}") = "HeeksPython", "HeeksPython.vcproj", "{0F1453E7-EE7A-47D1-B8D6-8ED6F425885C}"
EndProject
Global
	GlobalSection(SolutionConfigurationPlatforms) = preSolution
		Debug|Win32 = Debug|Win32
		Release|Win32 = Release|Win32
		Unicode Debug|Win32 = Unicode Debug|Win32
		Unicode Release|Win32 = Unicode Release|Win32
	EndGlobalSection
	GlobalSection(ProjectConfigurationPlatforms) = postSolution
		{0F1453E7-EE7A-47D1-B8D6-8ED6F425885C}.Debug|Win32.ActiveCfg = Debug|Win32
		{0F1453E7-EE7A-47D1-B8D6-8ED6F425885C}.Debug|Win32.Build.0 = Debug|Win32
		{0F1453E7-EE7A-47D1-B8D6-8ED6F425885C}.Release|Win32.ActiveCfg = Release|Win32
		{0F1453E7-EE7A-47D1-B8D6-8ED6F425885C}.Release|Win32.Build.0 = Release|Win32
		{0F1453E7-EE7A-47D1-B8D6-8ED6F425885C}.Unicode Debug|Win32.ActiveCfg = Unicode Debug|Win32
		{0F1453E7-EE7A-47D1-B8D6-8ED6F425885C}.Unicode Debug|Win32.Build.0 = Unicode Debug|Win32
		{0F1453E7-EE7A-47D1-B8D6-8ED6F425885C}.Unicode Release|Win32.ActiveCfg = Unicode Release|Win32
		{0F1453E7-EE7A-47D1-B8D6-8ED6F425885C}.Unicode Release|Win32.Build.0 = Unicode Release|Win32
	EndGlobalSection
	GlobalSection(SolutionProperties) = preSolution
		HideSolutionNode = FALSE
	EndGlobalSection
EndGlobal
